
Microsoft Visual Studio Solution File, Format Version 12.00
# Visual Studio Version 17
VisualStudioVersion = 17.7.34221.43
MinimumVisualStudioVersion = 10.0.40219.1
Project("{9A19103F-16F7-4668-BE54-9A1E7A4F7556}") = "CoreUtils", "CoreUtils.csproj", "{810DA97D-F267-44DB-929B-66C2DA93D1F9}"
EndProject
Global
	GlobalSection(SolutionConfigurationPlatforms) = preSolution
		Debug|Any CPU = Debug|Any CPU
		Release|Any CPU = Release|Any CPU
	EndGlobalSection
	GlobalSection(ProjectConfigurationPlatforms) = postSolution
		{810DA97D-F267-44DB-929B-66C2DA93D1F9}.Debug|Any CPU.ActiveCfg = Debug|Any CPU
		{810DA97D-F267-44DB-929B-66C2DA93D1F9}.Debug|Any CPU.Build.0 = Debug|Any CPU
		{810DA97D-F267-44DB-929B-66C2DA93D1F9}.Release|Any CPU.ActiveCfg = Release|Any CPU
		{810DA97D-F267-44DB-929B-66C2DA93D1F9}.Release|Any CPU.Build.0 = Release|Any CPU
	EndGlobalSection
	GlobalSection(SolutionProperties) = preSolution
		HideSolutionNode = FALSE
	EndGlobalSection
	GlobalSection(ExtensibilityGlobals) = postSolution
		SolutionGuid = {A13E0BC8-FB13-476A-8CA3-C5B812D0C417}
	EndGlobalSection
EndGlobal
